// !$*UTF8*$!
{
	archiveVersion = 1;
	classes = {
	};
	objectVersion = 46;
	objects = {

/* Begin PBXBuildFile section */
		1AADD2471E425FF400F155BB /* main.m in Sources */ = {isa = PBXBuildFile; fileRef = 1AADD2461E425FF400F155BB /* main.m */; };
		1AADD24A1E425FF400F155BB /* AppDelegate.m in Sources */ = {isa = PBXBuildFile; fileRef = 1AADD2491E425FF400F155BB /* AppDelegate.m */; };
		1AADD24D1E425FF400F155BB /* ViewController.m in Sources */ = {isa = PBXBuildFile; fileRef = 1AADD24C1E425FF400F155BB /* ViewController.m */; };
		1AADD2501E425FF400F155BB /* Main.storyboard in Resources */ = {isa = PBXBuildFile; fileRef = 1AADD24E1E425FF400F155BB /* Main.storyboard */; };
		1AADD2521E425FF400F155BB /* Assets.xcassets in Resources */ = {isa = PBXBuildFile; fileRef = 1AADD2511E425FF400F155BB /* Assets.xcassets */; };
		1AADD2551E425FF400F155BB /* LaunchScreen.storyboard in Resources */ = {isa = PBXBuildFile; fileRef = 1AADD2531E425FF400F155BB /* LaunchScreen.storyboard */; };
/* End PBXBuildFile section */

/* Begin PBXFileReference section */
		1AADD2421E425FF400F155BB /* Canvas.app */ = {isa = PBXFileReference; explicitFileType = wrapper.application; includeInIndex = 0; path = Canvas.app; sourceTree = BUILT_PRODUCTS_DIR; };
		1AADD2461E425FF400F155BB /* main.m */ = {isa = PBXFileReference; lastKnownFileType = sourcecode.c.objc; path = main.m; sourceTree = "<group>"; };
		1AADD2481E425FF400F155BB /* AppDelegate.h */ = {isa = PBXFileReference; lastKnownFileType = sourcecode.c.h; path = AppDelegate.h; sourceTree = "<group>"; };
		1AADD2491E425FF400F155BB /* AppDelegate.m */ = {isa = PBXFileReference; lastKnownFileType = sourcecode.c.objc; path = AppDelegate.m; sourceTree = "<group>"; };
		1AADD24B1E425FF400F155BB /* ViewController.h */ = {isa = PBXFileReference; lastKnownFileType = sourcecode.c.h; path = ViewController.h; sourceTree = "<group>"; };
		1AADD24C1E425FF400F155BB /* ViewController.m */ = {isa = PBXFileReference; lastKnownFileType = sourcecode.c.objc; path = ViewController.m; sourceTree = "<group>"; };
		1AADD24F1E425FF400F155BB /* Base */ = {isa = PBXFileReference; lastKnownFileType = file.storyboard; name = Base; path = Base.lproj/Main.storyboard; sourceTree = "<group>"; };
		1AADD2511E425FF400F155BB /* Assets.xcassets */ = {isa = PBXFileReference; lastKnownFileType = folder.assetcatalog; path = Assets.xcassets; sourceTree = "<group>"; };
		1AADD2541E425FF400F155BB /* Base */ = {isa = PBXFileReference; lastKnownFileType = file.storyboard; name = Base; path = Base.lproj/LaunchScreen.storyboard; sourceTree = "<group>"; };
		1AADD2561E425FF400F155BB /* Info.plist */ = {isa = PBXFileReference; lastKnownFileType = text.plist.xml; path = Info.plist; sourceTree = "<group>"; };
/* End PBXFileReference section */

/* Begin PBXFrameworksBuildPhase section */
		1AADD23F1E425FF400F155BB /* Frameworks */ = {
			isa = PBXFrameworksBuildPhase;
			buildActionMask = 2147483647;
			files = (
			);
			runOnlyForDeploymentPostprocessing = 0;
		};
/* End PBXFrameworksBuildPhase section */

/* Begin PBXGroup section */
		1AADD2391E425FF400F155BB = {
			isa = PBXGroup;
			children = (
				1AADD2441E425FF400F155BB /* Canvas */,
				1AADD2431E425FF400F155BB /* Products */,
			);
			sourceTree = "<group>";
		};
		1AADD2431E425FF400F155BB /* Products */ = {
			isa = PBXGroup;
			children = (
				1AADD2421E425FF400F155BB /* Canvas.app */,
			);
			name = Products;
			sourceTree = "<group>";
		};
		1AADD2441E425FF400F155BB /* Canvas */ = {
			isa = PBXGroup;
			children = (
				1AADD2481E425FF400F155BB /* AppDelegate.h */,
				1AADD2491E425FF400F155BB /* AppDelegate.m */,
				1AADD24B1E425FF400F155BB /* ViewController.h */,
				1AADD24C1E425FF400F155BB /* ViewController.m */,
				1AADD24E1E425FF400F155BB /* Main.storyboard */,
				1AADD2511E425FF400F155BB /* Assets.xcassets */,
				1AADD2531E425FF400F155BB /* LaunchScreen.storyboard */,
				1AADD2561E425FF400F155BB /* Info.plist */,
				1AADD2451E425FF400F155BB /* Supporting Files */,
			);
			path = Canvas;
			sourceTree = "<group>";
		};
		1AADD2451E425FF400F155BB /* Supporting Files */ = {
			isa = PBXGroup;
			children = (
				1AADD2461E425FF400F155BB /* main.m */,
			);
			name = "Supporting Files";
			sourceTree = "<group>";
		};
/* End PBXGroup section */

/* Begin PBXNativeTarget section */
		1AADD2411E425FF400F155BB /* Canvas */ = {
			isa = PBXNativeTarget;
			buildConfigurationList = 1AADD2591E425FF400F155BB /* Build configuration list for PBXNativeTarget "Canvas" */;
			buildPhases = (
				1AADD23E1E425FF400F155BB /* Sources */,
				1AADD23F1E425FF400F155BB /* Frameworks */,
				1AADD2401E425FF400F155BB /* Resources */,
			);
			buildRules = (
			);
			dependencies = (
			);
			name = Canvas;
			productName = Canvas;
			productReference = 1AADD2421E425FF400F155BB /* Canvas.app */;
			productType = "com.apple.product-type.application";
		};
/* End PBXNativeTarget section */

/* Begin PBXProject section */
		1AADD23A1E425FF400F155BB /* Project object */ = {
			isa = PBXProject;
			attributes = {
				LastUpgradeCheck = 0820;
				ORGANIZATIONNAME = JenniferBeck;
				TargetAttributes = {
					1AADD2411E425FF400F155BB = {
						CreatedOnToolsVersion = 8.2.1;
						DevelopmentTeam = 7YXRAZD33D;
						ProvisioningStyle = Automatic;
					};
				};
			};
			buildConfigurationList = 1AADD23D1E425FF400F155BB /* Build configuration list for PBXProject "Canvas" */;
			compatibilityVersion = "Xcode 3.2";
			developmentRegion = English;
			hasScannedForEncodings = 0;
			knownRegions = (
				en,
				Base,
			);
			mainGroup = 1AADD2391E425FF400F155BB;
			productRefGroup = 1AADD2431E425FF400F155BB /* Products */;
			projectDirPath = "";
			projectRoot = "";
			targets = (
				1AADD2411E425FF400F155BB /* Canvas */,
			);
		};
/* End PBXProject section */

/* Begin PBXResourcesBuildPhase section */
		1AADD2401E425FF400F155BB /* Resources */ = {
			isa = PBXResourcesBuildPhase;
			buildActionMask = 2147483647;
			files = (
				1AADD2551E425FF400F155BB /* LaunchScreen.storyboard in Resources */,
				1AADD2521E425FF400F155BB /* Assets.xcassets in Resources */,
				1AADD2501E425FF400F155BB /* Main.storyboard in Resources */,
			);
			runOnlyForDeploymentPostprocessing = 0;
		};
/* End PBXResourcesBuildPhase section */

/* Begin PBXSourcesBuildPhase section */
		1AADD23E1E425FF400F155BB /* Sources */ = {
			isa = PBXSourcesBuildPhase;
			buildActionMask = 2147483647;
			files = (
				1AADD24D1E425FF400F155BB /* ViewController.m in Sources */,
				1AADD24A1E425FF400F155BB /* AppDelegate.m in Sources */,
				1AADD2471E425FF400F155BB /* main.m in Sources */,
			);
			runOnlyForDeploymentPostprocessing = 0;
		};
/* End PBXSourcesBuildPhase section */

/* Begin PBXVariantGroup section */
		1AADD24E1E425FF400F155BB /* Main.storyboard */ = {
			isa = PBXVariantGroup;
			children = (
				1AADD24F1E425FF400F155BB /* Base */,
			);
			name = Main.storyboard;
			sourceTree = "<group>";
		};
		1AADD2531E425FF400F155BB /* LaunchScreen.storyboard */ = {
			isa = PBXVariantGroup;
			children = (
				1AADD2541E425FF400F155BB /* Base */,
			);
			name = LaunchScreen.storyboard;
			sourceTree = "<group>";
		};
/* End PBXVariantGroup section */

/* Begin XCBuildConfiguration section */
		1AADD2571E425FF400F155BB /* Debug */ = {
			isa = XCBuildConfiguration;
			buildSettings = {
				ALWAYS_SEARCH_USER_PATHS = NO;
				CLANG_ANALYZER_NONNULL = YES;
				CLANG_CXX_LANGUAGE_STANDARD = "gnu++0x";
				CLANG_CXX_LIBRARY = "libc++";
				CLANG_ENABLE_MODULES = YES;
				CLANG_ENABLE_OBJC_ARC = YES;
				CLANG_WARN_BOOL_CONVERSION = YES;
				CLANG_WARN_CONSTANT_CONVERSION = YES;
				CLANG_WARN_DIRECT_OBJC_ISA_USAGE = YES_ERROR;
				CLANG_WARN_DOCUMENTATION_COMMENTS = YES;
				CLANG_WARN_EMPTY_BODY = YES;
				CLANG_WARN_ENUM_CONVERSION = YES;
				CLANG_WARN_INFINITE_RECURSION = YES;
				CLANG_WARN_INT_CONVERSION = YES;
				CLANG_WARN_OBJC_ROOT_CLASS = YES_ERROR;
				CLANG_WARN_SUSPICIOUS_MOVE = YES;
				CLANG_WARN_UNREACHABLE_CODE = YES;
				CLANG_WARN__DUPLICATE_METHOD_MATCH = YES;
				"CODE_SIGN_IDENTITY[sdk=iphoneos*]" = "iPhone Developer";
				COPY_PHASE_STRIP = NO;
				DEBUG_INFORMATION_FORMAT = dwarf;
				ENABLE_STRICT_OBJC_MSGSEND = YES;
				ENABLE_TESTABILITY = YES;
				GCC_C_LANGUAGE_STANDARD = gnu99;
				GCC_DYNAMIC_NO_PIC = NO;
				GCC_NO_COMMON_BLOCKS = YES;
				GCC_OPTIMIZATION_LEVEL = 0;
				GCC_PREPROCESSOR_DEFINITIONS = (
					"DEBUG=1",
					"$(inherited)",
				);
				GCC_WARN_64_TO_32_BIT_CONVERSION = YES;
				GCC_WARN_ABOUT_RETURN_TYPE = YES_ERROR;
				GCC_WARN_UNDECLARED_SELECTOR = YES;
				GCC_WARN_UNINITIALIZED_AUTOS = YES_AGGRESSIVE;
				GCC_WARN_UNUSED_FUNCTION = YES;
				GCC_WARN_UNUSED_VARIABLE = YES;
				IPHONEOS_DEPLOYMENT_TARGET = 10.2;
				MTL_ENABLE_DEBUG_INFO = YES;
				ONLY_ACTIVE_ARCH = YES;
				SDKROOT = iphoneos;
				TARGETED_DEVICE_FAMILY = "1,2";
			};
			name = Debug;
		};
		1AADD2581E425FF400F155BB /* Release */ = {
			isa = XCBuildConfiguration;
			buildSettings = {
				ALWAYS_SEARCH_USER_PATHS = NO;
				CLANG_ANALYZER_NONNULL = YES;
				CLANG_CXX_LANGUAGE_STANDARD = "gnu++0x";
				CLANG_CXX_LIBRARY = "libc++";
				CLANG_ENABLE_MODULES = YES;
				CLANG_ENABLE_OBJC_ARC = YES;
				CLANG_WARN_BOOL_CONVERSION = YES;
				CLANG_WARN_CONSTANT_CONVERSION = YES;
				CLANG_WARN_DIRECT_OBJC_ISA_USAGE = YES_ERROR;
				CLANG_WARN_DOCUMENTATION_COMMENTS = YES;
				CLANG_WARN_EMPTY_BODY = YES;
				CLANG_WARN_ENUM_CONVERSION = YES;
				CLANG_WARN_INFINITE_RECURSION = YES;
				CLANG_WARN_INT_CONVERSION = YES;
				CLANG_WARN_OBJC_ROOT_CLASS = YES_ERROR;
				CLANG_WARN_SUSPICIOUS_MOVE = YES;
				CLANG_WARN_UNREACHABLE_CODE = YES;
				CLANG_WARN__DUPLICATE_METHOD_MATCH = YES;
				"CODE_SIGN_IDENTITY[sdk=iphoneos*]" = "iPhone Developer";
				COPY_PHASE_STRIP = NO;
				DEBUG_INFORMATION_FORMAT = "dwarf-with-dsym";
				ENABLE_NS_ASSERTIONS = NO;
				ENABLE_STRICT_OBJC_MSGSEND = YES;
				GCC_C_LANGUAGE_STANDARD = gnu99;
				GCC_NO_COMMON_BLOCKS = YES;
				GCC_WARN_64_TO_32_BIT_CONVERSION = YES;
				GCC_WARN_ABOUT_RETURN_TYPE = YES_ERROR;
				GCC_WARN_UNDECLARED_SELECTOR = YES;
				GCC_WARN_UNINITIALIZED_AUTOS = YES_AGGRESSIVE;
				GCC_WARN_UNUSED_FUNCTION = YES;
				GCC_WARN_UNUSED_VARIABLE = YES;
				IPHONEOS_DEPLOYMENT_TARGET = 10.2;
				MTL_ENABLE_DEBUG_INFO = NO;
				SDKROOT = iphoneos;
				TARGETED_DEVICE_FAMILY = "1,2";
				VALIDATE_PRODUCT = YES;
			};
			name = Release;
		};
		1AADD25A1E425FF400F155BB /* Debug */ = {
			isa = XCBuildConfiguration;
			buildSettings = {
				ASSETCATALOG_COMPILER_APPICON_NAME = AppIcon;
				DEVELOPMENT_TEAM = 7YXRAZD33D;
				INFOPLIST_FILE = Canvas/Info.plist;
				LD_RUNPATH_SEARCH_PATHS = "$(inherited) @executable_path/Frameworks";
				PRODUCT_BUNDLE_IDENTIFIER = iosclass.Canvas;
				PRODUCT_NAME = "$(TARGET_NAME)";
			};
			name = Debug;
		};
		1AADD25B1E425FF400F155BB /* Release */ = {
			isa = XCBuildConfiguration;
			buildSettings = {
				ASSETCATALOG_COMPILER_APPICON_NAME = AppIcon;
				DEVELOPMENT_TEAM = 7YXRAZD33D;
				INFOPLIST_FILE = Canvas/Info.plist;
				LD_RUNPATH_SEARCH_PATHS = "$(inherited) @executable_path/Frameworks";
				PRODUCT_BUNDLE_IDENTIFIER = iosclass.Canvas;
				PRODUCT_NAME = "$(TARGET_NAME)";
			};
			name = Release;
		};
/* End XCBuildConfiguration section */

/* Begin XCConfigurationList section */
		1AADD23D1E425FF400F155BB /* Build configuration list for PBXProject "Canvas" */ = {
			isa = XCConfigurationList;
			buildConfigurations = (
				1AADD2571E425FF400F155BB /* Debug */,
				1AADD2581E425FF400F155BB /* Release */,
			);
			defaultConfigurationIsVisible = 0;
			defaultConfigurationName = Release;
		};
		1AADD2591E425FF400F155BB /* Build configuration list for PBXNativeTarget "Canvas" */ = {
			isa = XCConfigurationList;
			buildConfigurations = (
				1AADD25A1E425FF400F155BB /* Debug */,
				1AADD25B1E425FF400F155BB /* Release */,
			);
			defaultConfigurationIsVisible = 0;
		};
/* End XCConfigurationList section */
	};
	rootObject = 1AADD23A1E425FF400F155BB /* Project object */;
}
